
Microsoft Visual Studio Solution File, Format Version 12.00
# Visual Studio 15
VisualStudioVersion = 15.0.26124.0
MinimumVisualStudioVersion = 15.0.26124.0
Project("{2150E333-8FDC-42A3-9474-1A3956D46DE8}") = "src", "src", "{77EAA758-04D0-413C-BCA1-93B7B0135EC8}"
EndProject
Project("{FAE04EC0-301F-11D3-BF4B-00C04F79EFBC}") = "DevopsAPI", "src\DevopsAPI\DevopsAPI.csproj", "{83CCB12E-6148-4D73-B37C-AEE0F76C361B}"
EndProject
Project("{2150E333-8FDC-42A3-9474-1A3956D46DE8}") = "test", "test", "{D899DD41-CC6F-4D3B-BB0E-E52B253E73A4}"
EndProject
Project("{FAE04EC0-301F-11D3-BF4B-00C04F79EFBC}") = "DevopsAPI.Test", "test\DevopsAPI.TEST\DevopsAPI.Test.csproj", "{251CED58-5B69-4ED8-8728-217DAA7BA8C5}"
EndProject
Global
	GlobalSection(SolutionConfigurationPlatforms) = preSolution
		Debug|Any CPU = Debug|Any CPU
		Debug|x64 = Debug|x64
		Debug|x86 = Debug|x86
		Release|Any CPU = Release|Any CPU
		Release|x64 = Release|x64
		Release|x86 = Release|x86
	EndGlobalSection
	GlobalSection(SolutionProperties) = preSolution
		HideSolutionNode = FALSE
	EndGlobalSection
	GlobalSection(ProjectConfigurationPlatforms) = postSolution
		{83CCB12E-6148-4D73-B37C-AEE0F76C361B}.Debug|Any CPU.ActiveCfg = Debug|Any CPU
		{83CCB12E-6148-4D73-B37C-AEE0F76C361B}.Debug|Any CPU.Build.0 = Debug|Any CPU
		{83CCB12E-6148-4D73-B37C-AEE0F76C361B}.Debug|x64.ActiveCfg = Debug|Any CPU
		{83CCB12E-6148-4D73-B37C-AEE0F76C361B}.Debug|x64.Build.0 = Debug|Any CPU
		{83CCB12E-6148-4D73-B37C-AEE0F76C361B}.Debug|x86.ActiveCfg = Debug|Any CPU
		{83CCB12E-6148-4D73-B37C-AEE0F76C361B}.Debug|x86.Build.0 = Debug|Any CPU
		{83CCB12E-6148-4D73-B37C-AEE0F76C361B}.Release|Any CPU.ActiveCfg = Release|Any CPU
		{83CCB12E-6148-4D73-B37C-AEE0F76C361B}.Release|Any CPU.Build.0 = Release|Any CPU
		{83CCB12E-6148-4D73-B37C-AEE0F76C361B}.Release|x64.ActiveCfg = Release|Any CPU
		{83CCB12E-6148-4D73-B37C-AEE0F76C361B}.Release|x64.Build.0 = Release|Any CPU
		{83CCB12E-6148-4D73-B37C-AEE0F76C361B}.Release|x86.ActiveCfg = Release|Any CPU
		{83CCB12E-6148-4D73-B37C-AEE0F76C361B}.Release|x86.Build.0 = Release|Any CPU
		{251CED58-5B69-4ED8-8728-217DAA7BA8C5}.Debug|Any CPU.ActiveCfg = Debug|Any CPU
		{251CED58-5B69-4ED8-8728-217DAA7BA8C5}.Debug|Any CPU.Build.0 = Debug|Any CPU
		{251CED58-5B69-4ED8-8728-217DAA7BA8C5}.Debug|x64.ActiveCfg = Debug|Any CPU
		{251CED58-5B69-4ED8-8728-217DAA7BA8C5}.Debug|x64.Build.0 = Debug|Any CPU
		{251CED58-5B69-4ED8-8728-217DAA7BA8C5}.Debug|x86.ActiveCfg = Debug|Any CPU
		{251CED58-5B69-4ED8-8728-217DAA7BA8C5}.Debug|x86.Build.0 = Debug|Any CPU
		{251CED58-5B69-4ED8-8728-217DAA7BA8C5}.Release|Any CPU.ActiveCfg = Release|Any CPU
		{251CED58-5B69-4ED8-8728-217DAA7BA8C5}.Release|Any CPU.Build.0 = Release|Any CPU
		{251CED58-5B69-4ED8-8728-217DAA7BA8C5}.Release|x64.ActiveCfg = Release|Any CPU
		{251CED58-5B69-4ED8-8728-217DAA7BA8C5}.Release|x64.Build.0 = Release|Any CPU
		{251CED58-5B69-4ED8-8728-217DAA7BA8C5}.Release|x86.ActiveCfg = Release|Any CPU
		{251CED58-5B69-4ED8-8728-217DAA7BA8C5}.Release|x86.Build.0 = Release|Any CPU
	EndGlobalSection
	GlobalSection(NestedProjects) = preSolution
		{83CCB12E-6148-4D73-B37C-AEE0F76C361B} = {77EAA758-04D0-413C-BCA1-93B7B0135EC8}
		{251CED58-5B69-4ED8-8728-217DAA7BA8C5} = {D899DD41-CC6F-4D3B-BB0E-E52B253E73A4}
	EndGlobalSection
EndGlobal
